
Microsoft Visual Studio Solution File, Format Version 12.00
# Visual Studio 15
Project("{FAE04EC0-301F-11D3-BF4B-00C04F79EFBC}") = "Assembly-CSharp", "Assembly-CSharp.csproj", "{3E62516C-A1AF-FF39-FB4B-F66F3A09A565}"
EndProject
Project("{FAE04EC0-301F-11D3-BF4B-00C04F79EFBC}") = "Assembly-CSharp-Editor", "Assembly-CSharp-Editor.csproj", "{E3811CD0-8184-95F1-41D2-0E02EA67F10E}"
EndProject
Global
	GlobalSection(SolutionConfigurationPlatforms) = preSolution
		Debug|Any CPU = Debug|Any CPU
		Release|Any CPU = Release|Any CPU
	EndGlobalSection
	GlobalSection(ProjectConfigurationPlatforms) = postSolution
		{3E62516C-A1AF-FF39-FB4B-F66F3A09A565}.Debug|Any CPU.ActiveCfg = Debug|Any CPU
		{3E62516C-A1AF-FF39-FB4B-F66F3A09A565}.Debug|Any CPU.Build.0 = Debug|Any CPU
		{3E62516C-A1AF-FF39-FB4B-F66F3A09A565}.Release|Any CPU.ActiveCfg = Release|Any CPU
		{3E62516C-A1AF-FF39-FB4B-F66F3A09A565}.Release|Any CPU.Build.0 = Release|Any CPU
		{E3811CD0-8184-95F1-41D2-0E02EA67F10E}.Debug|Any CPU.ActiveCfg = Debug|Any CPU
		{E3811CD0-8184-95F1-41D2-0E02EA67F10E}.Debug|Any CPU.Build.0 = Debug|Any CPU
		{E3811CD0-8184-95F1-41D2-0E02EA67F10E}.Release|Any CPU.ActiveCfg = Release|Any CPU
		{E3811CD0-8184-95F1-41D2-0E02EA67F10E}.Release|Any CPU.Build.0 = Release|Any CPU
	EndGlobalSection
	GlobalSection(SolutionProperties) = preSolution
		HideSolutionNode = FALSE
	EndGlobalSection
EndGlobal
